
Microsoft Visual Studio Solution File, Format Version 12.00
# Visual Studio Version 16
VisualStudioVersion = 16.0.31613.86
MinimumVisualStudioVersion = 10.0.40219.1
Project("{FAE04EC0-301F-11D3-BF4B-00C04F79EFBC}") = "WpfApp67", "WpfApp67\WpfApp67.csproj", "{77FA4C73-1765-45FE-AE7C-CB5A7F1A9061}"
EndProject
Global
	GlobalSection(SolutionConfigurationPlatforms) = preSolution
		Debug|Any CPU = Debug|Any CPU
		Release|Any CPU = Release|Any CPU
	EndGlobalSection
	GlobalSection(ProjectConfigurationPlatforms) = postSolution
		{77FA4C73-1765-45FE-AE7C-CB5A7F1A9061}.Debug|Any CPU.ActiveCfg = Debug|Any CPU
		{77FA4C73-1765-45FE-AE7C-CB5A7F1A9061}.Debug|Any CPU.Build.0 = Debug|Any CPU
		{77FA4C73-1765-45FE-AE7C-CB5A7F1A9061}.Release|Any CPU.ActiveCfg = Release|Any CPU
		{77FA4C73-1765-45FE-AE7C-CB5A7F1A9061}.Release|Any CPU.Build.0 = Release|Any CPU
	EndGlobalSection
	GlobalSection(SolutionProperties) = preSolution
		HideSolutionNode = FALSE
	EndGlobalSection
	GlobalSection(ExtensibilityGlobals) = postSolution
		SolutionGuid = {AAFF2FEF-38EE-4CFF-BCC4-B593C8F6206D}
	EndGlobalSection
EndGlobal
